
Microsoft Visual Studio Solution File, Format Version 12.00
# Visual Studio Version 17
VisualStudioVersion = 17.12.35527.113 d17.12
MinimumVisualStudioVersion = 10.0.40219.1
Project("{FAE04EC0-301F-11D3-BF4B-00C04F79EFBC}") = "MiniECommerce.Domain", "MiniECommerce.Domain\MiniECommerce.Domain.csproj", "{E6CF24C0-365A-4EC1-9361-C55802B5DEC1}"
EndProject
Project("{FAE04EC0-301F-11D3-BF4B-00C04F79EFBC}") = "MiniECommerce.Application", "MiniECommerce.Application\MiniECommerce.Application.csproj", "{8579D7CB-E303-4713-846C-25A1EE5DEF08}"
EndProject
Project("{FAE04EC0-301F-11D3-BF4B-00C04F79EFBC}") = "MiniECommerce.Persistence", "MiniECommerce.Persistence\MiniECommerce.Persistence.csproj", "{C93DB62E-8D7B-4AB9-AA4A-B8D63DCE92E7}"
EndProject
Project("{FAE04EC0-301F-11D3-BF4B-00C04F79EFBC}") = "MiniECommerce.API", "MiniECommerce.API\MiniECommerce.API.csproj", "{DE57C390-7612-42F6-9391-3E9B8460D1BE}"
EndProject
Global
	GlobalSection(SolutionConfigurationPlatforms) = preSolution
		Debug|Any CPU = Debug|Any CPU
		Release|Any CPU = Release|Any CPU
	EndGlobalSection
	GlobalSection(ProjectConfigurationPlatforms) = postSolution
		{E6CF24C0-365A-4EC1-9361-C55802B5DEC1}.Debug|Any CPU.ActiveCfg = Debug|Any CPU
		{E6CF24C0-365A-4EC1-9361-C55802B5DEC1}.Debug|Any CPU.Build.0 = Debug|Any CPU
		{E6CF24C0-365A-4EC1-9361-C55802B5DEC1}.Release|Any CPU.ActiveCfg = Release|Any CPU
		{E6CF24C0-365A-4EC1-9361-C55802B5DEC1}.Release|Any CPU.Build.0 = Release|Any CPU
		{8579D7CB-E303-4713-846C-25A1EE5DEF08}.Debug|Any CPU.ActiveCfg = Debug|Any CPU
		{8579D7CB-E303-4713-846C-25A1EE5DEF08}.Debug|Any CPU.Build.0 = Debug|Any CPU
		{8579D7CB-E303-4713-846C-25A1EE5DEF08}.Release|Any CPU.ActiveCfg = Release|Any CPU
		{8579D7CB-E303-4713-846C-25A1EE5DEF08}.Release|Any CPU.Build.0 = Release|Any CPU
		{C93DB62E-8D7B-4AB9-AA4A-B8D63DCE92E7}.Debug|Any CPU.ActiveCfg = Debug|Any CPU
		{C93DB62E-8D7B-4AB9-AA4A-B8D63DCE92E7}.Debug|Any CPU.Build.0 = Debug|Any CPU
		{C93DB62E-8D7B-4AB9-AA4A-B8D63DCE92E7}.Release|Any CPU.ActiveCfg = Release|Any CPU
		{C93DB62E-8D7B-4AB9-AA4A-B8D63DCE92E7}.Release|Any CPU.Build.0 = Release|Any CPU
		{DE57C390-7612-42F6-9391-3E9B8460D1BE}.Debug|Any CPU.ActiveCfg = Debug|Any CPU
		{DE57C390-7612-42F6-9391-3E9B8460D1BE}.Debug|Any CPU.Build.0 = Debug|Any CPU
		{DE57C390-7612-42F6-9391-3E9B8460D1BE}.Release|Any CPU.ActiveCfg = Release|Any CPU
		{DE57C390-7612-42F6-9391-3E9B8460D1BE}.Release|Any CPU.Build.0 = Release|Any CPU
	EndGlobalSection
	GlobalSection(SolutionProperties) = preSolution
		HideSolutionNode = FALSE
	EndGlobalSection
EndGlobal
